{
  "originHash" : "15f9c479784b608249181101acb9cc030774835458f30082b06c539c82b33d8e",
  "pins" : [
    {
      "identity" : "matft",
      "kind" : "remoteSourceControl",
      "location" : "https://github.com/jjjkkkjjj/Matft.git",
      "state" : {
        "branch" : "master",
        "revision" : "d70047a436c1ab00707019d1b3e03bc8e63eba25"
      }
    },
    {
      "identity" : "purchases-ios",
      "kind" : "remoteSourceControl",
      "location" : "https://github.com/RevenueCat/purchases-ios.git",
      "state" : {
        "revision" : "7ff1261d7bbbf51e76010b4c48aba2827350a2f5",
        "version" : "4.10.0"
      }
    },
    {
      "identity" : "swift-collections",
      "kind" : "remoteSourceControl",
      "location" : "https://github.com/apple/swift-collections",
      "state" : {
        "revision" : "94cf62b3ba8d4bed62680a282d4c25f9c63c2efb",
        "version" : "1.1.0"
      }
    }
  ],
  "version" : 3
}
